
Microsoft Visual Studio Solution File, Format Version 12.00
# Visual Studio Version 16
VisualStudioVersion = 16.0.29609.76
MinimumVisualStudioVersion = 10.0.40219.1
Project("{9A19103F-16F7-4668-BE54-9A1E7A4F7556}") = "ConsoleUI", "ConsoleUI\ConsoleUI.csproj", "{C84A9611-1A8A-4BF2-B96A-873C5D4AD8E7}"
EndProject
Project("{FAE04EC0-301F-11D3-BF4B-00C04F79EFBC}") = "Library", "Library\Library.csproj", "{A600DFE8-CFE4-4480-95A2-FE4A835018DE}"
EndProject
Project("{FAE04EC0-301F-11D3-BF4B-00C04F79EFBC}") = "WinFormsUI", "WinFormsUI\WinFormsUI.csproj", "{34CEF3FC-3C2E-44BC-A765-4AD7BA59A007}"
EndProject
Global
	GlobalSection(SolutionConfigurationPlatforms) = preSolution
		Debug|Any CPU = Debug|Any CPU
		Release|Any CPU = Release|Any CPU
	EndGlobalSection
	GlobalSection(ProjectConfigurationPlatforms) = postSolution
		{C84A9611-1A8A-4BF2-B96A-873C5D4AD8E7}.Debug|Any CPU.ActiveCfg = Debug|Any CPU
		{C84A9611-1A8A-4BF2-B96A-873C5D4AD8E7}.Debug|Any CPU.Build.0 = Debug|Any CPU
		{C84A9611-1A8A-4BF2-B96A-873C5D4AD8E7}.Release|Any CPU.ActiveCfg = Release|Any CPU
		{C84A9611-1A8A-4BF2-B96A-873C5D4AD8E7}.Release|Any CPU.Build.0 = Release|Any CPU
		{A600DFE8-CFE4-4480-95A2-FE4A835018DE}.Debug|Any CPU.ActiveCfg = Debug|Any CPU
		{A600DFE8-CFE4-4480-95A2-FE4A835018DE}.Debug|Any CPU.Build.0 = Debug|Any CPU
		{A600DFE8-CFE4-4480-95A2-FE4A835018DE}.Release|Any CPU.ActiveCfg = Release|Any CPU
		{A600DFE8-CFE4-4480-95A2-FE4A835018DE}.Release|Any CPU.Build.0 = Release|Any CPU
		{34CEF3FC-3C2E-44BC-A765-4AD7BA59A007}.Debug|Any CPU.ActiveCfg = Debug|Any CPU
		{34CEF3FC-3C2E-44BC-A765-4AD7BA59A007}.Debug|Any CPU.Build.0 = Debug|Any CPU
		{34CEF3FC-3C2E-44BC-A765-4AD7BA59A007}.Release|Any CPU.ActiveCfg = Release|Any CPU
		{34CEF3FC-3C2E-44BC-A765-4AD7BA59A007}.Release|Any CPU.Build.0 = Release|Any CPU
	EndGlobalSection
	GlobalSection(SolutionProperties) = preSolution
		HideSolutionNode = FALSE
	EndGlobalSection
	GlobalSection(ExtensibilityGlobals) = postSolution
		SolutionGuid = {51D3E8F9-5FA2-473E-86B2-81D0DFEEF8E5}
	EndGlobalSection
EndGlobal
